
Microsoft Visual Studio Solution File, Format Version 12.00
# Visual Studio Version 17
VisualStudioVersion = 17.3.32929.385
MinimumVisualStudioVersion = 10.0.40219.1
Project("{FAE04EC0-301F-11D3-BF4B-00C04F79EFBC}") = "ConsoleApp10", "ConsoleApp10\ConsoleApp10.csproj", "{23546701-E9F6-4E0B-B225-666BF78CC43A}"
EndProject
Global
	GlobalSection(SolutionConfigurationPlatforms) = preSolution
		Debug|Any CPU = Debug|Any CPU
		Release|Any CPU = Release|Any CPU
	EndGlobalSection
	GlobalSection(ProjectConfigurationPlatforms) = postSolution
		{23546701-E9F6-4E0B-B225-666BF78CC43A}.Debug|Any CPU.ActiveCfg = Debug|Any CPU
		{23546701-E9F6-4E0B-B225-666BF78CC43A}.Debug|Any CPU.Build.0 = Debug|Any CPU
		{23546701-E9F6-4E0B-B225-666BF78CC43A}.Release|Any CPU.ActiveCfg = Release|Any CPU
		{23546701-E9F6-4E0B-B225-666BF78CC43A}.Release|Any CPU.Build.0 = Release|Any CPU
	EndGlobalSection
	GlobalSection(SolutionProperties) = preSolution
		HideSolutionNode = FALSE
	EndGlobalSection
	GlobalSection(ExtensibilityGlobals) = postSolution
		SolutionGuid = {DCE9A691-AAFF-49D6-8C34-C1A31C803552}
	EndGlobalSection
EndGlobal
